
Microsoft Visual Studio Solution File, Format Version 12.00
# Visual Studio Version 16
VisualStudioVersion = 16.0.30804.86
MinimumVisualStudioVersion = 10.0.40219.1
Project("{9A19103F-16F7-4668-BE54-9A1E7A4F7556}") = "Consist.JsonTransformator.PL", "Consist.JsonTransformator.PL\Consist.JsonTransformator.PL.csproj", "{DF068E0E-75D9-408D-AF25-FCCC0C8304A1}"
EndProject
Project("{9A19103F-16F7-4668-BE54-9A1E7A4F7556}") = "Consist.JsonTransformator.BL", "Consist.JsonTransformator.BL\Consist.JsonTransformator.BL.csproj", "{90E3C468-4B91-4BFD-81E9-92262CE7449E}"
EndProject
Project("{9A19103F-16F7-4668-BE54-9A1E7A4F7556}") = "Consist.JsonTransformator.DAL", "Consist.JsonTransformator.DAL\Consist.JsonTransformator.DAL.csproj", "{5A1D99C5-5E81-4A09-B9DB-FD6424112808}"
EndProject
Project("{9A19103F-16F7-4668-BE54-9A1E7A4F7556}") = "ParentChildConsoleTest", "ParentChildTest\ParentChildConsoleTest.csproj", "{46C0B7C4-15B1-4541-9319-88A674259E47}"
EndProject
Project("{FAE04EC0-301F-11D3-BF4B-00C04F79EFBC}") = "Consist.JsonTransformator.Contracts", "Consist.JsonTransformator.Contracts\Consist.JsonTransformator.Contracts.csproj", "{02AA896C-AC34-4909-A642-33914DCD45A2}"
EndProject
Global
	GlobalSection(SolutionConfigurationPlatforms) = preSolution
		Debug|Any CPU = Debug|Any CPU
		Release|Any CPU = Release|Any CPU
	EndGlobalSection
	GlobalSection(ProjectConfigurationPlatforms) = postSolution
		{DF068E0E-75D9-408D-AF25-FCCC0C8304A1}.Debug|Any CPU.ActiveCfg = Debug|Any CPU
		{DF068E0E-75D9-408D-AF25-FCCC0C8304A1}.Debug|Any CPU.Build.0 = Debug|Any CPU
		{DF068E0E-75D9-408D-AF25-FCCC0C8304A1}.Release|Any CPU.ActiveCfg = Release|Any CPU
		{DF068E0E-75D9-408D-AF25-FCCC0C8304A1}.Release|Any CPU.Build.0 = Release|Any CPU
		{90E3C468-4B91-4BFD-81E9-92262CE7449E}.Debug|Any CPU.ActiveCfg = Debug|Any CPU
		{90E3C468-4B91-4BFD-81E9-92262CE7449E}.Debug|Any CPU.Build.0 = Debug|Any CPU
		{90E3C468-4B91-4BFD-81E9-92262CE7449E}.Release|Any CPU.ActiveCfg = Release|Any CPU
		{90E3C468-4B91-4BFD-81E9-92262CE7449E}.Release|Any CPU.Build.0 = Release|Any CPU
		{5A1D99C5-5E81-4A09-B9DB-FD6424112808}.Debug|Any CPU.ActiveCfg = Debug|Any CPU
		{5A1D99C5-5E81-4A09-B9DB-FD6424112808}.Debug|Any CPU.Build.0 = Debug|Any CPU
		{5A1D99C5-5E81-4A09-B9DB-FD6424112808}.Release|Any CPU.ActiveCfg = Release|Any CPU
		{5A1D99C5-5E81-4A09-B9DB-FD6424112808}.Release|Any CPU.Build.0 = Release|Any CPU
		{46C0B7C4-15B1-4541-9319-88A674259E47}.Debug|Any CPU.ActiveCfg = Debug|Any CPU
		{46C0B7C4-15B1-4541-9319-88A674259E47}.Debug|Any CPU.Build.0 = Debug|Any CPU
		{46C0B7C4-15B1-4541-9319-88A674259E47}.Release|Any CPU.ActiveCfg = Release|Any CPU
		{46C0B7C4-15B1-4541-9319-88A674259E47}.Release|Any CPU.Build.0 = Release|Any CPU
		{02AA896C-AC34-4909-A642-33914DCD45A2}.Debug|Any CPU.ActiveCfg = Debug|Any CPU
		{02AA896C-AC34-4909-A642-33914DCD45A2}.Debug|Any CPU.Build.0 = Debug|Any CPU
		{02AA896C-AC34-4909-A642-33914DCD45A2}.Release|Any CPU.ActiveCfg = Release|Any CPU
		{02AA896C-AC34-4909-A642-33914DCD45A2}.Release|Any CPU.Build.0 = Release|Any CPU
	EndGlobalSection
	GlobalSection(SolutionProperties) = preSolution
		HideSolutionNode = FALSE
	EndGlobalSection
	GlobalSection(ExtensibilityGlobals) = postSolution
		SolutionGuid = {811E8185-30C8-48E5-A8D4-C87996828171}
	EndGlobalSection
EndGlobal
